{
  "name": "@govuk-prototype-kit/common-templates",
  "version": "3.0.1",
  "lockfileVersion": 2,
  "requires": true,
  "packages": {
    "": {
      "name": "@govuk-prototype-kit/common-templates",
      "version": "3.0.1",
      "license": "MIT",
      "peerDependencies": {
        "govuk-frontend": ">=6.0.0"
      }
    },
    "node_modules/govuk-frontend": {
      "version": "6.5.0",
      "resolved": "https://registry.npmjs.org/govuk-frontend/-/govuk-frontend-6.5.0.tgz",
      "integrity": "sha512-yWZZCvv99Q0WzPC3+YszHk65Op1yowXpvbGGPi2bsoZiHKfwQGRxOoCaYBWTIOAiphp4QRTFgbGI3fpiFTfZww==",
      "license": "MIT",
      "peer": true,
      "engines": {
        "node": ">= 4.2.0"
      }
    }
  },
  "dependencies": {
    "govuk-frontend": {
      "version": "6.5.0",
      "resolved": "https://registry.npmjs.org/govuk-frontend/-/govuk-frontend-6.5.0.tgz",
      "integrity": "sha512-yWZZCvv99Q0WzPC3+YszHk65Op1yowXpvbGGPi2bsoZiHKfwQGRxOoCaYBWTIOAiphp4QRTFgbGI3fpiFTfZww==",
      "peer": true
    }
  }
}
